// !$*UTF8*$!
{
	archiveVersion = 1;
	classes = {
	};
	objectVersion = 50;
	objects = {

/* Begin PBXBuildFile section */
		FB63C43B24072CFE00826AD6 /* TLCMarsSol.m in Sources */ = {isa = PBXBuildFile; fileRef = FB63C43A24072CFE00826AD6 /* TLCMarsSol.m */; };
		FB63C43E24072D5200826AD6 /* TLCMarsCamera.m in Sources */ = {isa = PBXBuildFile; fileRef = FB63C43D24072D5200826AD6 /* TLCMarsCamera.m */; };
		FB63C440240737BA00826AD6 /* LambdaSDK in Resources */ = {isa = PBXBuildFile; fileRef = FB63C43F240737B900826AD6 /* LambdaSDK */; };
		FB63C44A2407814D00826AD6 /* TLCHeaderFile.m in Sources */ = {isa = PBXBuildFile; fileRef = FB63C4492407814D00826AD6 /* TLCHeaderFile.m */; };
		FB63C44C2407817F00826AD6 /* Header.swift in Sources */ = {isa = PBXBuildFile; fileRef = FB63C44B2407817F00826AD6 /* Header.swift */; };
		FB63C44F240781A700826AD6 /* MarsMissionManifest.m in Sources */ = {isa = PBXBuildFile; fileRef = FB63C44E240781A700826AD6 /* MarsMissionManifest.m */; };
		FB63C452240783F300826AD6 /* TLCCache.m in Sources */ = {isa = PBXBuildFile; fileRef = FB63C451240783F300826AD6 /* TLCCache.m */; };
		FB63C4562407852F00826AD6 /* TLCManifestFetcher.m in Sources */ = {isa = PBXBuildFile; fileRef = FB63C4552407852F00826AD6 /* TLCManifestFetcher.m */; };
		FB63C4592407863C00826AD6 /* TLCSolFetcher.m in Sources */ = {isa = PBXBuildFile; fileRef = FB63C4582407863C00826AD6 /* TLCSolFetcher.m */; };
		FB63C45B2407894100826AD6 /* Operations in Resources */ = {isa = PBXBuildFile; fileRef = FB63C45A2407894100826AD6 /* Operations */; };
		FB685CED24046DAE00D23C03 /* AppDelegate.swift in Sources */ = {isa = PBXBuildFile; fileRef = FB685CEC24046DAE00D23C03 /* AppDelegate.swift */; };
		FB685CEF24046DAE00D23C03 /* SceneDelegate.swift in Sources */ = {isa = PBXBuildFile; fileRef = FB685CEE24046DAE00D23C03 /* SceneDelegate.swift */; };
		FB685CF124046DAE00D23C03 /* ViewController.swift in Sources */ = {isa = PBXBuildFile; fileRef = FB685CF024046DAE00D23C03 /* ViewController.swift */; };
		FB685CF424046DAE00D23C03 /* Main.storyboard in Resources */ = {isa = PBXBuildFile; fileRef = FB685CF224046DAE00D23C03 /* Main.storyboard */; };
		FB685CF624046DAF00D23C03 /* Assets.xcassets in Resources */ = {isa = PBXBuildFile; fileRef = FB685CF524046DAF00D23C03 /* Assets.xcassets */; };
		FB685CF924046DAF00D23C03 /* LaunchScreen.storyboard in Resources */ = {isa = PBXBuildFile; fileRef = FB685CF724046DAF00D23C03 /* LaunchScreen.storyboard */; };
		FB685D1024048E8F00D23C03 /* URL+Secure.swift in Sources */ = {isa = PBXBuildFile; fileRef = FB685D0F24048E8F00D23C03 /* URL+Secure.swift */; };
/* End PBXBuildFile section */

/* Begin PBXFileReference section */
		FB63C43924072CFE00826AD6 /* TLCMarsSol.h */ = {isa = PBXFileReference; lastKnownFileType = sourcecode.c.h; path = TLCMarsSol.h; sourceTree = "<group>"; };
		FB63C43A24072CFE00826AD6 /* TLCMarsSol.m */ = {isa = PBXFileReference; lastKnownFileType = sourcecode.c.objc; path = TLCMarsSol.m; sourceTree = "<group>"; };
		FB63C43C24072D5200826AD6 /* TLCMarsCamera.h */ = {isa = PBXFileReference; lastKnownFileType = sourcecode.c.h; path = TLCMarsCamera.h; sourceTree = "<group>"; };
		FB63C43D24072D5200826AD6 /* TLCMarsCamera.m */ = {isa = PBXFileReference; lastKnownFileType = sourcecode.c.objc; path = TLCMarsCamera.m; sourceTree = "<group>"; };
		FB63C43F240737B900826AD6 /* LambdaSDK */ = {isa = PBXFileReference; lastKnownFileType = folder; path = LambdaSDK; sourceTree = "<group>"; };
		FB63C442240737D200826AD6 /* NSURL+NSURL_CARUsingHTTPS.m */ = {isa = PBXFileReference; lastKnownFileType = sourcecode.c.objc; path = "NSURL+NSURL_CARUsingHTTPS.m"; sourceTree = "<group>"; };
		FB63C443240737D200826AD6 /* NSURL+NSURL_CARUsingHTTPS.h */ = {isa = PBXFileReference; lastKnownFileType = sourcecode.c.h; path = "NSURL+NSURL_CARUsingHTTPS.h"; sourceTree = "<group>"; };
		FB63C444240737D200826AD6 /* URL+Secure.swift */ = {isa = PBXFileReference; lastKnownFileType = sourcecode.swift; path = "URL+Secure.swift"; sourceTree = "<group>"; };
		FB63C4492407814D00826AD6 /* TLCHeaderFile.m */ = {isa = PBXFileReference; lastKnownFileType = sourcecode.c.objc; path = TLCHeaderFile.m; sourceTree = "<group>"; };
		FB63C44B2407817F00826AD6 /* Header.swift */ = {isa = PBXFileReference; lastKnownFileType = sourcecode.swift; path = Header.swift; sourceTree = "<group>"; };
		FB63C44D240781A700826AD6 /* MarsMissionManifest.h */ = {isa = PBXFileReference; lastKnownFileType = sourcecode.c.h; path = MarsMissionManifest.h; sourceTree = "<group>"; };
		FB63C44E240781A700826AD6 /* MarsMissionManifest.m */ = {isa = PBXFileReference; lastKnownFileType = sourcecode.c.objc; path = MarsMissionManifest.m; sourceTree = "<group>"; };
		FB63C450240783F300826AD6 /* TLCCache.h */ = {isa = PBXFileReference; lastKnownFileType = sourcecode.c.h; path = TLCCache.h; sourceTree = "<group>"; };
		FB63C451240783F300826AD6 /* TLCCache.m */ = {isa = PBXFileReference; lastKnownFileType = sourcecode.c.objc; path = TLCCache.m; sourceTree = "<group>"; };
		FB63C4542407852F00826AD6 /* TLCManifestFetcher.h */ = {isa = PBXFileReference; lastKnownFileType = sourcecode.c.h; path = TLCManifestFetcher.h; sourceTree = "<group>"; };
		FB63C4552407852F00826AD6 /* TLCManifestFetcher.m */ = {isa = PBXFileReference; lastKnownFileType = sourcecode.c.objc; path = TLCManifestFetcher.m; sourceTree = "<group>"; };
		FB63C4572407863C00826AD6 /* TLCSolFetcher.h */ = {isa = PBXFileReference; lastKnownFileType = sourcecode.c.h; path = TLCSolFetcher.h; sourceTree = "<group>"; };
		FB63C4582407863C00826AD6 /* TLCSolFetcher.m */ = {isa = PBXFileReference; lastKnownFileType = sourcecode.c.objc; path = TLCSolFetcher.m; sourceTree = "<group>"; };
		FB63C45A2407894100826AD6 /* Operations */ = {isa = PBXFileReference; lastKnownFileType = folder; path = Operations; sourceTree = "<group>"; };
		FB685CE924046DAE00D23C03 /* TLCAstronomy.app */ = {isa = PBXFileReference; explicitFileType = wrapper.application; includeInIndex = 0; path = TLCAstronomy.app; sourceTree = BUILT_PRODUCTS_DIR; };
		FB685CEC24046DAE00D23C03 /* AppDelegate.swift */ = {isa = PBXFileReference; lastKnownFileType = sourcecode.swift; path = AppDelegate.swift; sourceTree = "<group>"; };
		FB685CEE24046DAE00D23C03 /* SceneDelegate.swift */ = {isa = PBXFileReference; lastKnownFileType = sourcecode.swift; path = SceneDelegate.swift; sourceTree = "<group>"; };
		FB685CF024046DAE00D23C03 /* ViewController.swift */ = {isa = PBXFileReference; lastKnownFileType = sourcecode.swift; path = ViewController.swift; sourceTree = "<group>"; };
		FB685CF324046DAE00D23C03 /* Base */ = {isa = PBXFileReference; lastKnownFileType = file.storyboard; name = Base; path = Base.lproj/Main.storyboard; sourceTree = "<group>"; };
		FB685CF524046DAF00D23C03 /* Assets.xcassets */ = {isa = PBXFileReference; lastKnownFileType = folder.assetcatalog; path = Assets.xcassets; sourceTree = "<group>"; };
		FB685CF824046DAF00D23C03 /* Base */ = {isa = PBXFileReference; lastKnownFileType = file.storyboard; name = Base; path = Base.lproj/LaunchScreen.storyboard; sourceTree = "<group>"; };
		FB685CFA24046DAF00D23C03 /* Info.plist */ = {isa = PBXFileReference; lastKnownFileType = text.plist.xml; path = Info.plist; sourceTree = "<group>"; };
		FB685D0F24048E8F00D23C03 /* URL+Secure.swift */ = {isa = PBXFileReference; lastKnownFileType = sourcecode.swift; path = "URL+Secure.swift"; sourceTree = "<group>"; };
/* End PBXFileReference section */

/* Begin PBXFrameworksBuildPhase section */
		FB685CE624046DAE00D23C03 /* Frameworks */ = {
			isa = PBXFrameworksBuildPhase;
			buildActionMask = 2147483647;
			files = (
			);
			runOnlyForDeploymentPostprocessing = 0;
		};
/* End PBXFrameworksBuildPhase section */

/* Begin PBXGroup section */
		FB63C441240737D200826AD6 /* Extensions */ = {
			isa = PBXGroup;
			children = (
				FB63C442240737D200826AD6 /* NSURL+NSURL_CARUsingHTTPS.m */,
				FB63C443240737D200826AD6 /* NSURL+NSURL_CARUsingHTTPS.h */,
				FB63C444240737D200826AD6 /* URL+Secure.swift */,
			);
			path = Extensions;
			sourceTree = "<group>";
		};
		FB63C4532407850D00826AD6 /* ModelController */ = {
			isa = PBXGroup;
			children = (
				FB63C4542407852F00826AD6 /* TLCManifestFetcher.h */,
				FB63C4552407852F00826AD6 /* TLCManifestFetcher.m */,
				FB63C4572407863C00826AD6 /* TLCSolFetcher.h */,
				FB63C4582407863C00826AD6 /* TLCSolFetcher.m */,
			);
			path = ModelController;
			sourceTree = "<group>";
		};
		FB685CE024046DAE00D23C03 = {
			isa = PBXGroup;
			children = (
				FB685CEB24046DAE00D23C03 /* TLCAstronomy */,
				FB685CEA24046DAE00D23C03 /* Products */,
			);
			sourceTree = "<group>";
		};
		FB685CEA24046DAE00D23C03 /* Products */ = {
			isa = PBXGroup;
			children = (
				FB685CE924046DAE00D23C03 /* TLCAstronomy.app */,
			);
			name = Products;
			sourceTree = "<group>";
		};
		FB685CEB24046DAE00D23C03 /* TLCAstronomy */ = {
			isa = PBXGroup;
			children = (
				FB63C4532407850D00826AD6 /* ModelController */,
				FB685D0224046E4100D23C03 /* Model */,
				FB685D0124046DFF00D23C03 /* Storyboard */,
				FB685D0024046DC400D23C03 /* Support */,
				FB685CF524046DAF00D23C03 /* Assets.xcassets */,
				FB685CFA24046DAF00D23C03 /* Info.plist */,
				FB63C441240737D200826AD6 /* Extensions */,
				FB63C43F240737B900826AD6 /* LambdaSDK */,
			);
			path = TLCAstronomy;
			sourceTree = "<group>";
		};
		FB685D0024046DC400D23C03 /* Support */ = {
			isa = PBXGroup;
			children = (
				FB685CF024046DAE00D23C03 /* ViewController.swift */,
				FB685CEE24046DAE00D23C03 /* SceneDelegate.swift */,
				FB685CEC24046DAE00D23C03 /* AppDelegate.swift */,
				FB685D0F24048E8F00D23C03 /* URL+Secure.swift */,
			);
			path = Support;
			sourceTree = "<group>";
		};
		FB685D0124046DFF00D23C03 /* Storyboard */ = {
			isa = PBXGroup;
			children = (
				FB685CF724046DAF00D23C03 /* LaunchScreen.storyboard */,
				FB685CF224046DAE00D23C03 /* Main.storyboard */,
				FB63C45A2407894100826AD6 /* Operations */,
			);
			path = Storyboard;
			sourceTree = "<group>";
		};
		FB685D0224046E4100D23C03 /* Model */ = {
			isa = PBXGroup;
			children = (
				FB63C44D240781A700826AD6 /* MarsMissionManifest.h */,
				FB63C44E240781A700826AD6 /* MarsMissionManifest.m */,
				FB63C43924072CFE00826AD6 /* TLCMarsSol.h */,
				FB63C43A24072CFE00826AD6 /* TLCMarsSol.m */,
				FB63C43C24072D5200826AD6 /* TLCMarsCamera.h */,
				FB63C43D24072D5200826AD6 /* TLCMarsCamera.m */,
				FB63C450240783F300826AD6 /* TLCCache.h */,
				FB63C451240783F300826AD6 /* TLCCache.m */,
				FB63C44B2407817F00826AD6 /* Header.swift */,
				FB685D1124048F0000D23C03 /* ViewControllers */,
				FB63C4492407814D00826AD6 /* TLCHeaderFile.m */,
			);
			path = Model;
			sourceTree = "<group>";
		};
		FB685D1124048F0000D23C03 /* ViewControllers */ = {
			isa = PBXGroup;
			children = (
			);
			path = ViewControllers;
			sourceTree = "<group>";
		};
/* End PBXGroup section */

/* Begin PBXNativeTarget section */
		FB685CE824046DAE00D23C03 /* TLCAstronomy */ = {
			isa = PBXNativeTarget;
			buildConfigurationList = FB685CFD24046DAF00D23C03 /* Build configuration list for PBXNativeTarget "TLCAstronomy" */;
			buildPhases = (
				FB685CE524046DAE00D23C03 /* Sources */,
				FB685CE624046DAE00D23C03 /* Frameworks */,
				FB685CE724046DAE00D23C03 /* Resources */,
			);
			buildRules = (
			);
			dependencies = (
			);
			name = TLCAstronomy;
			productName = TLCAstronomy;
			productReference = FB685CE924046DAE00D23C03 /* TLCAstronomy.app */;
			productType = "com.apple.product-type.application";
		};
/* End PBXNativeTarget section */

/* Begin PBXProject section */
		FB685CE124046DAE00D23C03 /* Project object */ = {
			isa = PBXProject;
			attributes = {
				LastSwiftUpdateCheck = 1110;
				LastUpgradeCheck = 1110;
				ORGANIZATIONNAME = Lambda_School_Loaner_219;
				TargetAttributes = {
					FB685CE824046DAE00D23C03 = {
						CreatedOnToolsVersion = 11.1;
						LastSwiftMigration = 1110;
					};
				};
			};
			buildConfigurationList = FB685CE424046DAE00D23C03 /* Build configuration list for PBXProject "TLCAstronomy" */;
			compatibilityVersion = "Xcode 9.3";
			developmentRegion = en;
			hasScannedForEncodings = 0;
			knownRegions = (
				en,
				Base,
			);
			mainGroup = FB685CE024046DAE00D23C03;
			productRefGroup = FB685CEA24046DAE00D23C03 /* Products */;
			projectDirPath = "";
			projectRoot = "";
			targets = (
				FB685CE824046DAE00D23C03 /* TLCAstronomy */,
			);
		};
/* End PBXProject section */

/* Begin PBXResourcesBuildPhase section */
		FB685CE724046DAE00D23C03 /* Resources */ = {
			isa = PBXResourcesBuildPhase;
			buildActionMask = 2147483647;
			files = (
				FB63C440240737BA00826AD6 /* LambdaSDK in Resources */,
				FB685CF924046DAF00D23C03 /* LaunchScreen.storyboard in Resources */,
				FB685CF624046DAF00D23C03 /* Assets.xcassets in Resources */,
				FB685CF424046DAE00D23C03 /* Main.storyboard in Resources */,
				FB63C45B2407894100826AD6 /* Operations in Resources */,
			);
			runOnlyForDeploymentPostprocessing = 0;
		};
/* End PBXResourcesBuildPhase section */

/* Begin PBXSourcesBuildPhase section */
		FB685CE524046DAE00D23C03 /* Sources */ = {
			isa = PBXSourcesBuildPhase;
			buildActionMask = 2147483647;
			files = (
				FB63C4562407852F00826AD6 /* TLCManifestFetcher.m in Sources */,
				FB63C44C2407817F00826AD6 /* Header.swift in Sources */,
				FB685D1024048E8F00D23C03 /* URL+Secure.swift in Sources */,
				FB685CF124046DAE00D23C03 /* ViewController.swift in Sources */,
				FB685CED24046DAE00D23C03 /* AppDelegate.swift in Sources */,
				FB63C452240783F300826AD6 /* TLCCache.m in Sources */,
				FB685CEF24046DAE00D23C03 /* SceneDelegate.swift in Sources */,
				FB63C43B24072CFE00826AD6 /* TLCMarsSol.m in Sources */,
				FB63C4592407863C00826AD6 /* TLCSolFetcher.m in Sources */,
				FB63C44F240781A700826AD6 /* MarsMissionManifest.m in Sources */,
				FB63C44A2407814D00826AD6 /* TLCHeaderFile.m in Sources */,
				FB63C43E24072D5200826AD6 /* TLCMarsCamera.m in Sources */,
			);
			runOnlyForDeploymentPostprocessing = 0;
		};
/* End PBXSourcesBuildPhase section */

/* Begin PBXVariantGroup section */
		FB685CF224046DAE00D23C03 /* Main.storyboard */ = {
			isa = PBXVariantGroup;
			children = (
				FB685CF324046DAE00D23C03 /* Base */,
			);
			name = Main.storyboard;
			sourceTree = "<group>";
		};
		FB685CF724046DAF00D23C03 /* LaunchScreen.storyboard */ = {
			isa = PBXVariantGroup;
			children = (
				FB685CF824046DAF00D23C03 /* Base */,
			);
			name = LaunchScreen.storyboard;
			sourceTree = "<group>";
		};
/* End PBXVariantGroup section */

/* Begin XCBuildConfiguration section */
		FB685CFB24046DAF00D23C03 /* Debug */ = {
			isa = XCBuildConfiguration;
			buildSettings = {
				ALWAYS_SEARCH_USER_PATHS = NO;
				CLANG_ANALYZER_NONNULL = YES;
				CLANG_ANALYZER_NUMBER_OBJECT_CONVERSION = YES_AGGRESSIVE;
				CLANG_CXX_LANGUAGE_STANDARD = "gnu++14";
				CLANG_CXX_LIBRARY = "libc++";
				CLANG_ENABLE_MODULES = YES;
				CLANG_ENABLE_OBJC_ARC = YES;
				CLANG_ENABLE_OBJC_WEAK = YES;
				CLANG_WARN_BLOCK_CAPTURE_AUTORELEASING = YES;
				CLANG_WARN_BOOL_CONVERSION = YES;
				CLANG_WARN_COMMA = YES;
				CLANG_WARN_CONSTANT_CONVERSION = YES;
				CLANG_WARN_DEPRECATED_OBJC_IMPLEMENTATIONS = YES;
				CLANG_WARN_DIRECT_OBJC_ISA_USAGE = YES_ERROR;
				CLANG_WARN_DOCUMENTATION_COMMENTS = YES;
				CLANG_WARN_EMPTY_BODY = YES;
				CLANG_WARN_ENUM_CONVERSION = YES;
				CLANG_WARN_INFINITE_RECURSION = YES;
				CLANG_WARN_INT_CONVERSION = YES;
				CLANG_WARN_NON_LITERAL_NULL_CONVERSION = YES;
				CLANG_WARN_OBJC_IMPLICIT_RETAIN_SELF = YES;
				CLANG_WARN_OBJC_LITERAL_CONVERSION = YES;
				CLANG_WARN_OBJC_ROOT_CLASS = YES_ERROR;
				CLANG_WARN_RANGE_LOOP_ANALYSIS = YES;
				CLANG_WARN_STRICT_PROTOTYPES = YES;
				CLANG_WARN_SUSPICIOUS_MOVE = YES;
				CLANG_WARN_UNGUARDED_AVAILABILITY = YES_AGGRESSIVE;
				CLANG_WARN_UNREACHABLE_CODE = YES;
				CLANG_WARN__DUPLICATE_METHOD_MATCH = YES;
				COPY_PHASE_STRIP = NO;
				DEBUG_INFORMATION_FORMAT = dwarf;
				ENABLE_STRICT_OBJC_MSGSEND = YES;
				ENABLE_TESTABILITY = YES;
				GCC_C_LANGUAGE_STANDARD = gnu11;
				GCC_DYNAMIC_NO_PIC = NO;
				GCC_NO_COMMON_BLOCKS = YES;
				GCC_OPTIMIZATION_LEVEL = 0;
				GCC_PREPROCESSOR_DEFINITIONS = (
					"DEBUG=1",
					"$(inherited)",
				);
				GCC_WARN_64_TO_32_BIT_CONVERSION = YES;
				GCC_WARN_ABOUT_RETURN_TYPE = YES_ERROR;
				GCC_WARN_UNDECLARED_SELECTOR = YES;
				GCC_WARN_UNINITIALIZED_AUTOS = YES_AGGRESSIVE;
				GCC_WARN_UNUSED_FUNCTION = YES;
				GCC_WARN_UNUSED_VARIABLE = YES;
				IPHONEOS_DEPLOYMENT_TARGET = 13.1;
				MTL_ENABLE_DEBUG_INFO = INCLUDE_SOURCE;
				MTL_FAST_MATH = YES;
				ONLY_ACTIVE_ARCH = YES;
				SDKROOT = iphoneos;
				SWIFT_ACTIVE_COMPILATION_CONDITIONS = DEBUG;
				SWIFT_OPTIMIZATION_LEVEL = "-Onone";
			};
			name = Debug;
		};
		FB685CFC24046DAF00D23C03 /* Release */ = {
			isa = XCBuildConfiguration;
			buildSettings = {
				ALWAYS_SEARCH_USER_PATHS = NO;
				CLANG_ANALYZER_NONNULL = YES;
				CLANG_ANALYZER_NUMBER_OBJECT_CONVERSION = YES_AGGRESSIVE;
				CLANG_CXX_LANGUAGE_STANDARD = "gnu++14";
				CLANG_CXX_LIBRARY = "libc++";
				CLANG_ENABLE_MODULES = YES;
				CLANG_ENABLE_OBJC_ARC = YES;
				CLANG_ENABLE_OBJC_WEAK = YES;
				CLANG_WARN_BLOCK_CAPTURE_AUTORELEASING = YES;
				CLANG_WARN_BOOL_CONVERSION = YES;
				CLANG_WARN_COMMA = YES;
				CLANG_WARN_CONSTANT_CONVERSION = YES;
				CLANG_WARN_DEPRECATED_OBJC_IMPLEMENTATIONS = YES;
				CLANG_WARN_DIRECT_OBJC_ISA_USAGE = YES_ERROR;
				CLANG_WARN_DOCUMENTATION_COMMENTS = YES;
				CLANG_WARN_EMPTY_BODY = YES;
				CLANG_WARN_ENUM_CONVERSION = YES;
				CLANG_WARN_INFINITE_RECURSION = YES;
				CLANG_WARN_INT_CONVERSION = YES;
				CLANG_WARN_NON_LITERAL_NULL_CONVERSION = YES;
				CLANG_WARN_OBJC_IMPLICIT_RETAIN_SELF = YES;
				CLANG_WARN_OBJC_LITERAL_CONVERSION = YES;
				CLANG_WARN_OBJC_ROOT_CLASS = YES_ERROR;
				CLANG_WARN_RANGE_LOOP_ANALYSIS = YES;
				CLANG_WARN_STRICT_PROTOTYPES = YES;
				CLANG_WARN_SUSPICIOUS_MOVE = YES;
				CLANG_WARN_UNGUARDED_AVAILABILITY = YES_AGGRESSIVE;
				CLANG_WARN_UNREACHABLE_CODE = YES;
				CLANG_WARN__DUPLICATE_METHOD_MATCH = YES;
				COPY_PHASE_STRIP = NO;
				DEBUG_INFORMATION_FORMAT = "dwarf-with-dsym";
				ENABLE_NS_ASSERTIONS = NO;
				ENABLE_STRICT_OBJC_MSGSEND = YES;
				GCC_C_LANGUAGE_STANDARD = gnu11;
				GCC_NO_COMMON_BLOCKS = YES;
				GCC_WARN_64_TO_32_BIT_CONVERSION = YES;
				GCC_WARN_ABOUT_RETURN_TYPE = YES_ERROR;
				GCC_WARN_UNDECLARED_SELECTOR = YES;
				GCC_WARN_UNINITIALIZED_AUTOS = YES_AGGRESSIVE;
				GCC_WARN_UNUSED_FUNCTION = YES;
				GCC_WARN_UNUSED_VARIABLE = YES;
				IPHONEOS_DEPLOYMENT_TARGET = 13.1;
				MTL_ENABLE_DEBUG_INFO = NO;
				MTL_FAST_MATH = YES;
				SDKROOT = iphoneos;
				SWIFT_COMPILATION_MODE = wholemodule;
				SWIFT_OPTIMIZATION_LEVEL = "-O";
				VALIDATE_PRODUCT = YES;
			};
			name = Release;
		};
		FB685CFE24046DAF00D23C03 /* Debug */ = {
			isa = XCBuildConfiguration;
			buildSettings = {
				ASSETCATALOG_COMPILER_APPICON_NAME = AppIcon;
				CLANG_ENABLE_MODULES = YES;
				CODE_SIGN_STYLE = Automatic;
				DEVELOPMENT_TEAM = 4JYCUK7B5K;
				INFOPLIST_FILE = TLCAstronomy/Info.plist;
				LD_RUNPATH_SEARCH_PATHS = (
					"$(inherited)",
					"@executable_path/Frameworks",
				);
				PRODUCT_BUNDLE_IDENTIFIER = lambda.TLCAstronomy;
				PRODUCT_NAME = "$(TARGET_NAME)";
				SWIFT_OBJC_BRIDGING_HEADER = "TLCAstronomy/Model/TLCAstronomy-Bridging-Header.h";
				SWIFT_OPTIMIZATION_LEVEL = "-Onone";
				SWIFT_VERSION = 5.0;
				TARGETED_DEVICE_FAMILY = "1,2";
			};
			name = Debug;
		};
		FB685CFF24046DAF00D23C03 /* Release */ = {
			isa = XCBuildConfiguration;
			buildSettings = {
				ASSETCATALOG_COMPILER_APPICON_NAME = AppIcon;
				CLANG_ENABLE_MODULES = YES;
				CODE_SIGN_STYLE = Automatic;
				DEVELOPMENT_TEAM = 4JYCUK7B5K;
				INFOPLIST_FILE = TLCAstronomy/Info.plist;
				LD_RUNPATH_SEARCH_PATHS = (
					"$(inherited)",
					"@executable_path/Frameworks",
				);
				PRODUCT_BUNDLE_IDENTIFIER = lambda.TLCAstronomy;
				PRODUCT_NAME = "$(TARGET_NAME)";
				SWIFT_OBJC_BRIDGING_HEADER = "TLCAstronomy/Model/TLCAstronomy-Bridging-Header.h";
				SWIFT_VERSION = 5.0;
				TARGETED_DEVICE_FAMILY = "1,2";
			};
			name = Release;
		};
/* End XCBuildConfiguration section */

/* Begin XCConfigurationList section */
		FB685CE424046DAE00D23C03 /* Build configuration list for PBXProject "TLCAstronomy" */ = {
			isa = XCConfigurationList;
			buildConfigurations = (
				FB685CFB24046DAF00D23C03 /* Debug */,
				FB685CFC24046DAF00D23C03 /* Release */,
			);
			defaultConfigurationIsVisible = 0;
			defaultConfigurationName = Release;
		};
		FB685CFD24046DAF00D23C03 /* Build configuration list for PBXNativeTarget "TLCAstronomy" */ = {
			isa = XCConfigurationList;
			buildConfigurations = (
				FB685CFE24046DAF00D23C03 /* Debug */,
				FB685CFF24046DAF00D23C03 /* Release */,
			);
			defaultConfigurationIsVisible = 0;
			defaultConfigurationName = Release;
		};
/* End XCConfigurationList section */
	};
	rootObject = FB685CE124046DAE00D23C03 /* Project object */;
}
